
Microsoft Visual Studio Solution File, Format Version 12.00
# Visual Studio Version 16
VisualStudioVersion = 16.0.30011.22
MinimumVisualStudioVersion = 10.0.40219.1
Project("{888888A0-9F3D-457C-B088-3A5042F75D52}") = "Piad", "Piad.pyproj", "{7D618993-E34B-47B2-AD5E-79454BEF0B06}"
EndProject
Global
	GlobalSection(SolutionConfigurationPlatforms) = preSolution
		Debug|Any CPU = Debug|Any CPU
		Release|Any CPU = Release|Any CPU
	EndGlobalSection
	GlobalSection(ProjectConfigurationPlatforms) = postSolution
		{7D618993-E34B-47B2-AD5E-79454BEF0B06}.Debug|Any CPU.ActiveCfg = Debug|Any CPU
		{7D618993-E34B-47B2-AD5E-79454BEF0B06}.Release|Any CPU.ActiveCfg = Release|Any CPU
	EndGlobalSection
	GlobalSection(SolutionProperties) = preSolution
		HideSolutionNode = FALSE
	EndGlobalSection
	GlobalSection(ExtensibilityGlobals) = postSolution
		SolutionGuid = {F1677A75-2661-4CA3-A776-602E16DC2CF2}
	EndGlobalSection
EndGlobal
